
Microsoft Visual Studio Solution File, Format Version 12.00
# Visual Studio Version 17
VisualStudioVersion = 17.5.33516.290
MinimumVisualStudioVersion = 10.0.40219.1
Project("{8BC9CEB8-8B4A-11D0-8D11-00A0C91BC942}") = "MyGame", "MyGame\MyGame.vcxproj", "{C75789F9-BCEB-4D74-B942-C6A220B65ECD}"
EndProject
Global
	GlobalSection(SolutionConfigurationPlatforms) = preSolution
		Debug|x64 = Debug|x64
		Debug|x86 = Debug|x86
		Release|x64 = Release|x64
		Release|x86 = Release|x86
	EndGlobalSection
	GlobalSection(ProjectConfigurationPlatforms) = postSolution
		{C75789F9-BCEB-4D74-B942-C6A220B65ECD}.Debug|x64.ActiveCfg = Debug|x64
		{C75789F9-BCEB-4D74-B942-C6A220B65ECD}.Debug|x64.Build.0 = Debug|x64
		{C75789F9-BCEB-4D74-B942-C6A220B65ECD}.Debug|x86.ActiveCfg = Debug|Win32
		{C75789F9-BCEB-4D74-B942-C6A220B65ECD}.Debug|x86.Build.0 = Debug|Win32
		{C75789F9-BCEB-4D74-B942-C6A220B65ECD}.Release|x64.ActiveCfg = Release|x64
		{C75789F9-BCEB-4D74-B942-C6A220B65ECD}.Release|x64.Build.0 = Release|x64
		{C75789F9-BCEB-4D74-B942-C6A220B65ECD}.Release|x86.ActiveCfg = Release|Win32
		{C75789F9-BCEB-4D74-B942-C6A220B65ECD}.Release|x86.Build.0 = Release|Win32
	EndGlobalSection
	GlobalSection(SolutionProperties) = preSolution
		HideSolutionNode = FALSE
	EndGlobalSection
	GlobalSection(ExtensibilityGlobals) = postSolution
		SolutionGuid = {79A2057E-0066-434D-BD28-8107E65AFD9E}
	EndGlobalSection
EndGlobal
